// !$*UTF8*$!
{
	archiveVersion = 1;
	classes = {
	};
	objectVersion = 56;
	objects = {

/* Begin PBXBuildFile section */
		0A819C03290C26E500F03628 /* GoogleService-Info.plist in Resources */ = {isa = PBXBuildFile; fileRef = 0A819C02290C26E500F03628 /* GoogleService-Info.plist */; };
		0A819C0F290C2DC600F03628 /* Lottie in Frameworks */ = {isa = PBXBuildFile; productRef = 0A819C0E290C2DC600F03628 /* Lottie */; };
		0A819C12290C2E9200F03628 /* home.json in Resources */ = {isa = PBXBuildFile; fileRef = 0A819C11290C2E9200F03628 /* home.json */; };
		0A819C15290C2EBB00F03628 /* LottieView.swift in Sources */ = {isa = PBXBuildFile; fileRef = 0A819C14290C2EBB00F03628 /* LottieView.swift */; };
		0A8BC48D290C35E10076E35C /* FirebaseFirestore in Frameworks */ = {isa = PBXBuildFile; productRef = 0A8BC48C290C35E10076E35C /* FirebaseFirestore */; };
		0A8BC48F290C35E10076E35C /* FirebaseFirestoreSwift in Frameworks */ = {isa = PBXBuildFile; productRef = 0A8BC48E290C35E10076E35C /* FirebaseFirestoreSwift */; };
		0A8BC491290C35E10076E35C /* FirebaseStorage in Frameworks */ = {isa = PBXBuildFile; productRef = 0A8BC490290C35E10076E35C /* FirebaseStorage */; };
		0A8BC494290C3A0C0076E35C /* RegisterView.swift in Sources */ = {isa = PBXBuildFile; fileRef = 0A8BC493290C3A0C0076E35C /* RegisterView.swift */; };
		0A8BC496290C3A100076E35C /* LoginView.swift in Sources */ = {isa = PBXBuildFile; fileRef = 0A8BC495290C3A100076E35C /* LoginView.swift */; };
		0A8BC499290C423F0076E35C /* CrookedText in Frameworks */ = {isa = PBXBuildFile; productRef = 0A8BC498290C423F0076E35C /* CrookedText */; };
		0A8BC49B290C42470076E35C /* MainView.swift in Sources */ = {isa = PBXBuildFile; fileRef = 0A8BC49A290C42470076E35C /* MainView.swift */; };
		0A8BC49F290C429B0076E35C /* PetDetailView.swift in Sources */ = {isa = PBXBuildFile; fileRef = 0A8BC49E290C429B0076E35C /* PetDetailView.swift */; };
		0A8BC4A1290C451B0076E35C /* Assets.xcassets in Resources */ = {isa = PBXBuildFile; fileRef = 0A8BC4A0290C451B0076E35C /* Assets.xcassets */; };
		0AE4EEDC29099E1F00C82C8F /* myBeatsApp.swift in Sources */ = {isa = PBXBuildFile; fileRef = 0AE4EEDB29099E1F00C82C8F /* myBeatsApp.swift */; };
		0AE4EEDE29099E1F00C82C8F /* ContentView.swift in Sources */ = {isa = PBXBuildFile; fileRef = 0AE4EEDD29099E1F00C82C8F /* ContentView.swift */; };
		0AE4EEE329099E1F00C82C8F /* Preview Assets.xcassets in Resources */ = {isa = PBXBuildFile; fileRef = 0AE4EEE229099E1F00C82C8F /* Preview Assets.xcassets */; };
/* End PBXBuildFile section */

/* Begin PBXFileReference section */
		0A819C02290C26E500F03628 /* GoogleService-Info.plist */ = {isa = PBXFileReference; fileEncoding = 4; lastKnownFileType = text.plist.xml; path = "GoogleService-Info.plist"; sourceTree = "<group>"; };
		0A819C11290C2E9200F03628 /* home.json */ = {isa = PBXFileReference; fileEncoding = 4; lastKnownFileType = text.json; path = home.json; sourceTree = "<group>"; };
		0A819C14290C2EBB00F03628 /* LottieView.swift */ = {isa = PBXFileReference; lastKnownFileType = sourcecode.swift; path = LottieView.swift; sourceTree = "<group>"; };
		0A8BC493290C3A0C0076E35C /* RegisterView.swift */ = {isa = PBXFileReference; fileEncoding = 4; lastKnownFileType = sourcecode.swift; path = RegisterView.swift; sourceTree = "<group>"; };
		0A8BC495290C3A100076E35C /* LoginView.swift */ = {isa = PBXFileReference; fileEncoding = 4; lastKnownFileType = sourcecode.swift; path = LoginView.swift; sourceTree = "<group>"; };
		0A8BC49A290C42470076E35C /* MainView.swift */ = {isa = PBXFileReference; fileEncoding = 4; lastKnownFileType = sourcecode.swift; path = MainView.swift; sourceTree = "<group>"; };
		0A8BC49E290C429B0076E35C /* PetDetailView.swift */ = {isa = PBXFileReference; fileEncoding = 4; lastKnownFileType = sourcecode.swift; path = PetDetailView.swift; sourceTree = "<group>"; };
		0A8BC4A0290C451B0076E35C /* Assets.xcassets */ = {isa = PBXFileReference; lastKnownFileType = folder.assetcatalog; name = Assets.xcassets; path = ../../../../Downloads/Assets.xcassets; sourceTree = "<group>"; };
		0AE4EED829099E1F00C82C8F /* myBeats.app */ = {isa = PBXFileReference; explicitFileType = wrapper.application; includeInIndex = 0; path = myBeats.app; sourceTree = BUILT_PRODUCTS_DIR; };
		0AE4EEDB29099E1F00C82C8F /* myBeatsApp.swift */ = {isa = PBXFileReference; lastKnownFileType = sourcecode.swift; path = myBeatsApp.swift; sourceTree = "<group>"; };
		0AE4EEDD29099E1F00C82C8F /* ContentView.swift */ = {isa = PBXFileReference; lastKnownFileType = sourcecode.swift; path = ContentView.swift; sourceTree = "<group>"; };
		0AE4EEE229099E1F00C82C8F /* Preview Assets.xcassets */ = {isa = PBXFileReference; lastKnownFileType = folder.assetcatalog; path = "Preview Assets.xcassets"; sourceTree = "<group>"; };
/* End PBXFileReference section */

/* Begin PBXFrameworksBuildPhase section */
		0AE4EED529099E1F00C82C8F /* Frameworks */ = {
			isa = PBXFrameworksBuildPhase;
			buildActionMask = 2147483647;
			files = (
				0A819C0F290C2DC600F03628 /* Lottie in Frameworks */,
				0A8BC491290C35E10076E35C /* FirebaseStorage in Frameworks */,
				0A8BC48D290C35E10076E35C /* FirebaseFirestore in Frameworks */,
				0A8BC48F290C35E10076E35C /* FirebaseFirestoreSwift in Frameworks */,
				0A8BC499290C423F0076E35C /* CrookedText in Frameworks */,
			);
			runOnlyForDeploymentPostprocessing = 0;
		};
/* End PBXFrameworksBuildPhase section */

/* Begin PBXGroup section */
		0A819C10290C2E8D00F03628 /* animations */ = {
			isa = PBXGroup;
			children = (
				0A819C11290C2E9200F03628 /* home.json */,
			);
			path = animations;
			sourceTree = "<group>";
		};
		0A819C13290C2EB300F03628 /* utils */ = {
			isa = PBXGroup;
			children = (
				0A819C14290C2EBB00F03628 /* LottieView.swift */,
			);
			path = utils;
			sourceTree = "<group>";
		};
		0A8BC492290C3A050076E35C /* views */ = {
			isa = PBXGroup;
			children = (
				0A8BC49A290C42470076E35C /* MainView.swift */,
				0A8BC495290C3A100076E35C /* LoginView.swift */,
				0A8BC49E290C429B0076E35C /* PetDetailView.swift */,
				0A8BC493290C3A0C0076E35C /* RegisterView.swift */,
			);
			path = views;
			sourceTree = "<group>";
		};
		0AE4EECF29099E1F00C82C8F = {
			isa = PBXGroup;
			children = (
				0AE4EEDA29099E1F00C82C8F /* myBeats */,
				0AE4EED929099E1F00C82C8F /* Products */,
			);
			sourceTree = "<group>";
		};
		0AE4EED929099E1F00C82C8F /* Products */ = {
			isa = PBXGroup;
			children = (
				0AE4EED829099E1F00C82C8F /* myBeats.app */,
			);
			name = Products;
			sourceTree = "<group>";
		};
		0AE4EEDA29099E1F00C82C8F /* myBeats */ = {
			isa = PBXGroup;
			children = (
				0A819C13290C2EB300F03628 /* utils */,
				0A819C10290C2E8D00F03628 /* animations */,
				0AE4EEDB29099E1F00C82C8F /* myBeatsApp.swift */,
				0AE4EEDD29099E1F00C82C8F /* ContentView.swift */,
				0A8BC492290C3A050076E35C /* views */,
				0A819C02290C26E500F03628 /* GoogleService-Info.plist */,
				0A8BC4A0290C451B0076E35C /* Assets.xcassets */,
				0AE4EEE129099E1F00C82C8F /* Preview Content */,
			);
			path = myBeats;
			sourceTree = "<group>";
		};
		0AE4EEE129099E1F00C82C8F /* Preview Content */ = {
			isa = PBXGroup;
			children = (
				0AE4EEE229099E1F00C82C8F /* Preview Assets.xcassets */,
			);
			path = "Preview Content";
			sourceTree = "<group>";
		};
/* End PBXGroup section */

/* Begin PBXNativeTarget section */
		0AE4EED729099E1F00C82C8F /* myBeats */ = {
			isa = PBXNativeTarget;
			buildConfigurationList = 0AE4EEE629099E1F00C82C8F /* Build configuration list for PBXNativeTarget "myBeats" */;
			buildPhases = (
				0AE4EED429099E1F00C82C8F /* Sources */,
				0AE4EED529099E1F00C82C8F /* Frameworks */,
				0AE4EED629099E1F00C82C8F /* Resources */,
			);
			buildRules = (
			);
			dependencies = (
			);
			name = myBeats;
			packageProductDependencies = (
				0A819C0E290C2DC600F03628 /* Lottie */,
				0A8BC48C290C35E10076E35C /* FirebaseFirestore */,
				0A8BC48E290C35E10076E35C /* FirebaseFirestoreSwift */,
				0A8BC490290C35E10076E35C /* FirebaseStorage */,
				0A8BC498290C423F0076E35C /* CrookedText */,
			);
			productName = myBeats;
			productReference = 0AE4EED829099E1F00C82C8F /* myBeats.app */;
			productType = "com.apple.product-type.application";
		};
/* End PBXNativeTarget section */

/* Begin PBXProject section */
		0AE4EED029099E1F00C82C8F /* Project object */ = {
			isa = PBXProject;
			attributes = {
				BuildIndependentTargetsInParallel = 1;
				LastSwiftUpdateCheck = 1410;
				LastUpgradeCheck = 1410;
				TargetAttributes = {
					0AE4EED729099E1F00C82C8F = {
						CreatedOnToolsVersion = 14.1;
					};
				};
			};
			buildConfigurationList = 0AE4EED329099E1F00C82C8F /* Build configuration list for PBXProject "myBeats" */;
			compatibilityVersion = "Xcode 14.0";
			developmentRegion = en;
			hasScannedForEncodings = 0;
			knownRegions = (
				en,
				Base,
			);
			mainGroup = 0AE4EECF29099E1F00C82C8F;
			packageReferences = (
				0A819C0D290C2DC600F03628 /* XCRemoteSwiftPackageReference "lottie-ios" */,
				0A8BC48B290C35E10076E35C /* XCRemoteSwiftPackageReference "firebase-ios-sdk" */,
				0A8BC497290C423F0076E35C /* XCRemoteSwiftPackageReference "CrookedText" */,
			);
			productRefGroup = 0AE4EED929099E1F00C82C8F /* Products */;
			projectDirPath = "";
			projectRoot = "";
			targets = (
				0AE4EED729099E1F00C82C8F /* myBeats */,
			);
		};
/* End PBXProject section */

/* Begin PBXResourcesBuildPhase section */
		0AE4EED629099E1F00C82C8F /* Resources */ = {
			isa = PBXResourcesBuildPhase;
			buildActionMask = 2147483647;
			files = (
				0AE4EEE329099E1F00C82C8F /* Preview Assets.xcassets in Resources */,
				0A819C03290C26E500F03628 /* GoogleService-Info.plist in Resources */,
				0A819C12290C2E9200F03628 /* home.json in Resources */,
				0A8BC4A1290C451B0076E35C /* Assets.xcassets in Resources */,
			);
			runOnlyForDeploymentPostprocessing = 0;
		};
/* End PBXResourcesBuildPhase section */

/* Begin PBXSourcesBuildPhase section */
		0AE4EED429099E1F00C82C8F /* Sources */ = {
			isa = PBXSourcesBuildPhase;
			buildActionMask = 2147483647;
			files = (
				0AE4EEDE29099E1F00C82C8F /* ContentView.swift in Sources */,
				0A8BC49B290C42470076E35C /* MainView.swift in Sources */,
				0A8BC494290C3A0C0076E35C /* RegisterView.swift in Sources */,
				0A8BC49F290C429B0076E35C /* PetDetailView.swift in Sources */,
				0AE4EEDC29099E1F00C82C8F /* myBeatsApp.swift in Sources */,
				0A8BC496290C3A100076E35C /* LoginView.swift in Sources */,
				0A819C15290C2EBB00F03628 /* LottieView.swift in Sources */,
			);
			runOnlyForDeploymentPostprocessing = 0;
		};
/* End PBXSourcesBuildPhase section */

/* Begin XCBuildConfiguration section */
		0AE4EEE429099E1F00C82C8F /* Debug */ = {
			isa = XCBuildConfiguration;
			buildSettings = {
				ALWAYS_SEARCH_USER_PATHS = NO;
				CLANG_ANALYZER_NONNULL = YES;
				CLANG_ANALYZER_NUMBER_OBJECT_CONVERSION = YES_AGGRESSIVE;
				CLANG_CXX_LANGUAGE_STANDARD = "gnu++20";
				CLANG_ENABLE_MODULES = YES;
				CLANG_ENABLE_OBJC_ARC = YES;
				CLANG_ENABLE_OBJC_WEAK = YES;
				CLANG_WARN_BLOCK_CAPTURE_AUTORELEASING = YES;
				CLANG_WARN_BOOL_CONVERSION = YES;
				CLANG_WARN_COMMA = YES;
				CLANG_WARN_CONSTANT_CONVERSION = YES;
				CLANG_WARN_DEPRECATED_OBJC_IMPLEMENTATIONS = YES;
				CLANG_WARN_DIRECT_OBJC_ISA_USAGE = YES_ERROR;
				CLANG_WARN_DOCUMENTATION_COMMENTS = YES;
				CLANG_WARN_EMPTY_BODY = YES;
				CLANG_WARN_ENUM_CONVERSION = YES;
				CLANG_WARN_INFINITE_RECURSION = YES;
				CLANG_WARN_INT_CONVERSION = YES;
				CLANG_WARN_NON_LITERAL_NULL_CONVERSION = YES;
				CLANG_WARN_OBJC_IMPLICIT_RETAIN_SELF = YES;
				CLANG_WARN_OBJC_LITERAL_CONVERSION = YES;
				CLANG_WARN_OBJC_ROOT_CLASS = YES_ERROR;
				CLANG_WARN_QUOTED_INCLUDE_IN_FRAMEWORK_HEADER = YES;
				CLANG_WARN_RANGE_LOOP_ANALYSIS = YES;
				CLANG_WARN_STRICT_PROTOTYPES = YES;
				CLANG_WARN_SUSPICIOUS_MOVE = YES;
				CLANG_WARN_UNGUARDED_AVAILABILITY = YES_AGGRESSIVE;
				CLANG_WARN_UNREACHABLE_CODE = YES;
				CLANG_WARN__DUPLICATE_METHOD_MATCH = YES;
				COPY_PHASE_STRIP = NO;
				DEBUG_INFORMATION_FORMAT = dwarf;
				ENABLE_STRICT_OBJC_MSGSEND = YES;
				ENABLE_TESTABILITY = YES;
				GCC_C_LANGUAGE_STANDARD = gnu11;
				GCC_DYNAMIC_NO_PIC = NO;
				GCC_NO_COMMON_BLOCKS = YES;
				GCC_OPTIMIZATION_LEVEL = 0;
				GCC_PREPROCESSOR_DEFINITIONS = (
					"DEBUG=1",
					"$(inherited)",
				);
				GCC_WARN_64_TO_32_BIT_CONVERSION = YES;
				GCC_WARN_ABOUT_RETURN_TYPE = YES_ERROR;
				GCC_WARN_UNDECLARED_SELECTOR = YES;
				GCC_WARN_UNINITIALIZED_AUTOS = YES_AGGRESSIVE;
				GCC_WARN_UNUSED_FUNCTION = YES;
				GCC_WARN_UNUSED_VARIABLE = YES;
				IPHONEOS_DEPLOYMENT_TARGET = 16.1;
				MTL_ENABLE_DEBUG_INFO = INCLUDE_SOURCE;
				MTL_FAST_MATH = YES;
				ONLY_ACTIVE_ARCH = YES;
				SDKROOT = iphoneos;
				SWIFT_ACTIVE_COMPILATION_CONDITIONS = DEBUG;
				SWIFT_OPTIMIZATION_LEVEL = "-Onone";
			};
			name = Debug;
		};
		0AE4EEE529099E1F00C82C8F /* Release */ = {
			isa = XCBuildConfiguration;
			buildSettings = {
				ALWAYS_SEARCH_USER_PATHS = NO;
				CLANG_ANALYZER_NONNULL = YES;
				CLANG_ANALYZER_NUMBER_OBJECT_CONVERSION = YES_AGGRESSIVE;
				CLANG_CXX_LANGUAGE_STANDARD = "gnu++20";
				CLANG_ENABLE_MODULES = YES;
				CLANG_ENABLE_OBJC_ARC = YES;
				CLANG_ENABLE_OBJC_WEAK = YES;
				CLANG_WARN_BLOCK_CAPTURE_AUTORELEASING = YES;
				CLANG_WARN_BOOL_CONVERSION = YES;
				CLANG_WARN_COMMA = YES;
				CLANG_WARN_CONSTANT_CONVERSION = YES;
				CLANG_WARN_DEPRECATED_OBJC_IMPLEMENTATIONS = YES;
				CLANG_WARN_DIRECT_OBJC_ISA_USAGE = YES_ERROR;
				CLANG_WARN_DOCUMENTATION_COMMENTS = YES;
				CLANG_WARN_EMPTY_BODY = YES;
				CLANG_WARN_ENUM_CONVERSION = YES;
				CLANG_WARN_INFINITE_RECURSION = YES;
				CLANG_WARN_INT_CONVERSION = YES;
				CLANG_WARN_NON_LITERAL_NULL_CONVERSION = YES;
				CLANG_WARN_OBJC_IMPLICIT_RETAIN_SELF = YES;
				CLANG_WARN_OBJC_LITERAL_CONVERSION = YES;
				CLANG_WARN_OBJC_ROOT_CLASS = YES_ERROR;
				CLANG_WARN_QUOTED_INCLUDE_IN_FRAMEWORK_HEADER = YES;
				CLANG_WARN_RANGE_LOOP_ANALYSIS = YES;
				CLANG_WARN_STRICT_PROTOTYPES = YES;
				CLANG_WARN_SUSPICIOUS_MOVE = YES;
				CLANG_WARN_UNGUARDED_AVAILABILITY = YES_AGGRESSIVE;
				CLANG_WARN_UNREACHABLE_CODE = YES;
				CLANG_WARN__DUPLICATE_METHOD_MATCH = YES;
				COPY_PHASE_STRIP = NO;
				DEBUG_INFORMATION_FORMAT = "dwarf-with-dsym";
				ENABLE_NS_ASSERTIONS = NO;
				ENABLE_STRICT_OBJC_MSGSEND = YES;
				GCC_C_LANGUAGE_STANDARD = gnu11;
				GCC_NO_COMMON_BLOCKS = YES;
				GCC_WARN_64_TO_32_BIT_CONVERSION = YES;
				GCC_WARN_ABOUT_RETURN_TYPE = YES_ERROR;
				GCC_WARN_UNDECLARED_SELECTOR = YES;
				GCC_WARN_UNINITIALIZED_AUTOS = YES_AGGRESSIVE;
				GCC_WARN_UNUSED_FUNCTION = YES;
				GCC_WARN_UNUSED_VARIABLE = YES;
				IPHONEOS_DEPLOYMENT_TARGET = 16.1;
				MTL_ENABLE_DEBUG_INFO = NO;
				MTL_FAST_MATH = YES;
				SDKROOT = iphoneos;
				SWIFT_COMPILATION_MODE = wholemodule;
				SWIFT_OPTIMIZATION_LEVEL = "-O";
				VALIDATE_PRODUCT = YES;
			};
			name = Release;
		};
		0AE4EEE729099E1F00C82C8F /* Debug */ = {
			isa = XCBuildConfiguration;
			buildSettings = {
				ASSETCATALOG_COMPILER_APPICON_NAME = AppIcon;
				ASSETCATALOG_COMPILER_GLOBAL_ACCENT_COLOR_NAME = AccentColor;
				CODE_SIGN_STYLE = Automatic;
				CURRENT_PROJECT_VERSION = 1;
				DEVELOPMENT_ASSET_PATHS = "\"myBeats/Preview Content\"";
				DEVELOPMENT_TEAM = G9743QWQ9G;
				ENABLE_PREVIEWS = YES;
				GENERATE_INFOPLIST_FILE = YES;
				INFOPLIST_KEY_CFBundleDisplayName = "My pet";
				INFOPLIST_KEY_UIApplicationSceneManifest_Generation = YES;
				INFOPLIST_KEY_UIApplicationSupportsIndirectInputEvents = YES;
				INFOPLIST_KEY_UILaunchScreen_Generation = YES;
				INFOPLIST_KEY_UISupportedInterfaceOrientations_iPad = "UIInterfaceOrientationPortrait UIInterfaceOrientationPortraitUpsideDown UIInterfaceOrientationLandscapeLeft UIInterfaceOrientationLandscapeRight";
				INFOPLIST_KEY_UISupportedInterfaceOrientations_iPhone = "UIInterfaceOrientationPortrait UIInterfaceOrientationLandscapeLeft UIInterfaceOrientationLandscapeRight";
				IPHONEOS_DEPLOYMENT_TARGET = 16.0;
				LD_RUNPATH_SEARCH_PATHS = (
					"$(inherited)",
					"@executable_path/Frameworks",
				);
				MARKETING_VERSION = 1.0;
				PRODUCT_BUNDLE_IDENTIFIER = com.a01283104.petty;
				PRODUCT_NAME = "$(TARGET_NAME)";
				SWIFT_EMIT_LOC_STRINGS = YES;
				SWIFT_VERSION = 5.0;
				TARGETED_DEVICE_FAMILY = "1,2";
			};
			name = Debug;
		};
		0AE4EEE829099E1F00C82C8F /* Release */ = {
			isa = XCBuildConfiguration;
			buildSettings = {
				ASSETCATALOG_COMPILER_APPICON_NAME = AppIcon;
				ASSETCATALOG_COMPILER_GLOBAL_ACCENT_COLOR_NAME = AccentColor;
				CODE_SIGN_STYLE = Automatic;
				CURRENT_PROJECT_VERSION = 1;
				DEVELOPMENT_ASSET_PATHS = "\"myBeats/Preview Content\"";
				DEVELOPMENT_TEAM = G9743QWQ9G;
				ENABLE_PREVIEWS = YES;
				GENERATE_INFOPLIST_FILE = YES;
				INFOPLIST_KEY_CFBundleDisplayName = "My pet";
				INFOPLIST_KEY_UIApplicationSceneManifest_Generation = YES;
				INFOPLIST_KEY_UIApplicationSupportsIndirectInputEvents = YES;
				INFOPLIST_KEY_UILaunchScreen_Generation = YES;
				INFOPLIST_KEY_UISupportedInterfaceOrientations_iPad = "UIInterfaceOrientationPortrait UIInterfaceOrientationPortraitUpsideDown UIInterfaceOrientationLandscapeLeft UIInterfaceOrientationLandscapeRight";
				INFOPLIST_KEY_UISupportedInterfaceOrientations_iPhone = "UIInterfaceOrientationPortrait UIInterfaceOrientationLandscapeLeft UIInterfaceOrientationLandscapeRight";
				IPHONEOS_DEPLOYMENT_TARGET = 16.0;
				LD_RUNPATH_SEARCH_PATHS = (
					"$(inherited)",
					"@executable_path/Frameworks",
				);
				MARKETING_VERSION = 1.0;
				PRODUCT_BUNDLE_IDENTIFIER = com.a01283104.petty;
				PRODUCT_NAME = "$(TARGET_NAME)";
				SWIFT_EMIT_LOC_STRINGS = YES;
				SWIFT_VERSION = 5.0;
				TARGETED_DEVICE_FAMILY = "1,2";
			};
			name = Release;
		};
/* End XCBuildConfiguration section */

/* Begin XCConfigurationList section */
		0AE4EED329099E1F00C82C8F /* Build configuration list for PBXProject "myBeats" */ = {
			isa = XCConfigurationList;
			buildConfigurations = (
				0AE4EEE429099E1F00C82C8F /* Debug */,
				0AE4EEE529099E1F00C82C8F /* Release */,
			);
			defaultConfigurationIsVisible = 0;
			defaultConfigurationName = Release;
		};
		0AE4EEE629099E1F00C82C8F /* Build configuration list for PBXNativeTarget "myBeats" */ = {
			isa = XCConfigurationList;
			buildConfigurations = (
				0AE4EEE729099E1F00C82C8F /* Debug */,
				0AE4EEE829099E1F00C82C8F /* Release */,
			);
			defaultConfigurationIsVisible = 0;
			defaultConfigurationName = Release;
		};
/* End XCConfigurationList section */

/* Begin XCRemoteSwiftPackageReference section */
		0A819C0D290C2DC600F03628 /* XCRemoteSwiftPackageReference "lottie-ios" */ = {
			isa = XCRemoteSwiftPackageReference;
			repositoryURL = "https://github.com/airbnb/lottie-ios";
			requirement = {
				kind = upToNextMajorVersion;
				minimumVersion = 3.0.0;
			};
		};
		0A8BC48B290C35E10076E35C /* XCRemoteSwiftPackageReference "firebase-ios-sdk" */ = {
			isa = XCRemoteSwiftPackageReference;
			repositoryURL = "https://github.com/firebase/firebase-ios-sdk";
			requirement = {
				kind = upToNextMajorVersion;
				minimumVersion = 9.0.0;
			};
		};
		0A8BC497290C423F0076E35C /* XCRemoteSwiftPackageReference "CrookedText" */ = {
			isa = XCRemoteSwiftPackageReference;
			repositoryURL = "https://github.com/duemunk/CrookedText";
			requirement = {
				kind = upToNextMinorVersion;
				minimumVersion = 0.0.1;
			};
		};
/* End XCRemoteSwiftPackageReference section */

/* Begin XCSwiftPackageProductDependency section */
		0A819C0E290C2DC600F03628 /* Lottie */ = {
			isa = XCSwiftPackageProductDependency;
			package = 0A819C0D290C2DC600F03628 /* XCRemoteSwiftPackageReference "lottie-ios" */;
			productName = Lottie;
		};
		0A8BC48C290C35E10076E35C /* FirebaseFirestore */ = {
			isa = XCSwiftPackageProductDependency;
			package = 0A8BC48B290C35E10076E35C /* XCRemoteSwiftPackageReference "firebase-ios-sdk" */;
			productName = FirebaseFirestore;
		};
		0A8BC48E290C35E10076E35C /* FirebaseFirestoreSwift */ = {
			isa = XCSwiftPackageProductDependency;
			package = 0A8BC48B290C35E10076E35C /* XCRemoteSwiftPackageReference "firebase-ios-sdk" */;
			productName = FirebaseFirestoreSwift;
		};
		0A8BC490290C35E10076E35C /* FirebaseStorage */ = {
			isa = XCSwiftPackageProductDependency;
			package = 0A8BC48B290C35E10076E35C /* XCRemoteSwiftPackageReference "firebase-ios-sdk" */;
			productName = FirebaseStorage;
		};
		0A8BC498290C423F0076E35C /* CrookedText */ = {
			isa = XCSwiftPackageProductDependency;
			package = 0A8BC497290C423F0076E35C /* XCRemoteSwiftPackageReference "CrookedText" */;
			productName = CrookedText;
		};
/* End XCSwiftPackageProductDependency section */
	};
	rootObject = 0AE4EED029099E1F00C82C8F /* Project object */;
}
